
Microsoft Visual Studio Solution File, Format Version 12.00
# Visual Studio Version 17
VisualStudioVersion = 17.3.32901.215
MinimumVisualStudioVersion = 10.0.40219.1
Project("{FAE04EC0-301F-11D3-BF4B-00C04F79EFBC}") = "Employee", "Employee\Employee.csproj", "{4E955B4D-FD40-42D0-B097-23557101B359}"
EndProject
Project("{FAE04EC0-301F-11D3-BF4B-00C04F79EFBC}") = "Student", "Student\Student.csproj", "{D171812A-3888-42EF-BEDF-414F81737C76}"
EndProject
Project("{FAE04EC0-301F-11D3-BF4B-00C04F79EFBC}") = "Gateway", "Gateway\Gateway.csproj", "{ACE372CF-4FC7-4D94-93DB-ADF01FAABB45}"
EndProject
Global
	GlobalSection(SolutionConfigurationPlatforms) = preSolution
		Debug|Any CPU = Debug|Any CPU
		Release|Any CPU = Release|Any CPU
	EndGlobalSection
	GlobalSection(ProjectConfigurationPlatforms) = postSolution
		{4E955B4D-FD40-42D0-B097-23557101B359}.Debug|Any CPU.ActiveCfg = Debug|Any CPU
		{4E955B4D-FD40-42D0-B097-23557101B359}.Debug|Any CPU.Build.0 = Debug|Any CPU
		{4E955B4D-FD40-42D0-B097-23557101B359}.Release|Any CPU.ActiveCfg = Release|Any CPU
		{4E955B4D-FD40-42D0-B097-23557101B359}.Release|Any CPU.Build.0 = Release|Any CPU
		{D171812A-3888-42EF-BEDF-414F81737C76}.Debug|Any CPU.ActiveCfg = Debug|Any CPU
		{D171812A-3888-42EF-BEDF-414F81737C76}.Debug|Any CPU.Build.0 = Debug|Any CPU
		{D171812A-3888-42EF-BEDF-414F81737C76}.Release|Any CPU.ActiveCfg = Release|Any CPU
		{D171812A-3888-42EF-BEDF-414F81737C76}.Release|Any CPU.Build.0 = Release|Any CPU
		{ACE372CF-4FC7-4D94-93DB-ADF01FAABB45}.Debug|Any CPU.ActiveCfg = Debug|Any CPU
		{ACE372CF-4FC7-4D94-93DB-ADF01FAABB45}.Debug|Any CPU.Build.0 = Debug|Any CPU
		{ACE372CF-4FC7-4D94-93DB-ADF01FAABB45}.Release|Any CPU.ActiveCfg = Release|Any CPU
		{ACE372CF-4FC7-4D94-93DB-ADF01FAABB45}.Release|Any CPU.Build.0 = Release|Any CPU
	EndGlobalSection
	GlobalSection(SolutionProperties) = preSolution
		HideSolutionNode = FALSE
	EndGlobalSection
	GlobalSection(ExtensibilityGlobals) = postSolution
		SolutionGuid = {F582A08E-4ADA-4D3F-B802-32C7D6B05686}
	EndGlobalSection
EndGlobal
